
Microsoft Visual Studio Solution File, Format Version 12.00
# Visual Studio Version 17
VisualStudioVersion = 17.14.37203.1
MinimumVisualStudioVersion = 10.0.40219.1
Project("{FAE04EC0-301F-11D3-BF4B-00C04F79EFBC}") = "WPF", "WPF\WPF.csproj", "{26D93914-BDEA-4EA2-8B13-B7B65F4DD2B1}"
EndProject
Project("{FAE04EC0-301F-11D3-BF4B-00C04F79EFBC}") = "Grid", "Grid\Grid.csproj", "{A7DACCD1-6D56-4946-95DF-37DAA327DA4C}"
EndProject
Project("{FAE04EC0-301F-11D3-BF4B-00C04F79EFBC}") = "Binding", "Binding\Binding.csproj", "{FF1ADD73-FEA0-4825-81F5-5D7C628ABE72}"
EndProject
Global
	GlobalSection(SolutionConfigurationPlatforms) = preSolution
		Debug|Any CPU = Debug|Any CPU
		Release|Any CPU = Release|Any CPU
	EndGlobalSection
	GlobalSection(ProjectConfigurationPlatforms) = postSolution
		{26D93914-BDEA-4EA2-8B13-B7B65F4DD2B1}.Debug|Any CPU.ActiveCfg = Debug|Any CPU
		{26D93914-BDEA-4EA2-8B13-B7B65F4DD2B1}.Debug|Any CPU.Build.0 = Debug|Any CPU
		{26D93914-BDEA-4EA2-8B13-B7B65F4DD2B1}.Release|Any CPU.ActiveCfg = Release|Any CPU
		{26D93914-BDEA-4EA2-8B13-B7B65F4DD2B1}.Release|Any CPU.Build.0 = Release|Any CPU
		{A7DACCD1-6D56-4946-95DF-37DAA327DA4C}.Debug|Any CPU.ActiveCfg = Debug|Any CPU
		{A7DACCD1-6D56-4946-95DF-37DAA327DA4C}.Debug|Any CPU.Build.0 = Debug|Any CPU
		{A7DACCD1-6D56-4946-95DF-37DAA327DA4C}.Release|Any CPU.ActiveCfg = Release|Any CPU
		{A7DACCD1-6D56-4946-95DF-37DAA327DA4C}.Release|Any CPU.Build.0 = Release|Any CPU
		{FF1ADD73-FEA0-4825-81F5-5D7C628ABE72}.Debug|Any CPU.ActiveCfg = Debug|Any CPU
		{FF1ADD73-FEA0-4825-81F5-5D7C628ABE72}.Debug|Any CPU.Build.0 = Debug|Any CPU
		{FF1ADD73-FEA0-4825-81F5-5D7C628ABE72}.Release|Any CPU.ActiveCfg = Release|Any CPU
		{FF1ADD73-FEA0-4825-81F5-5D7C628ABE72}.Release|Any CPU.Build.0 = Release|Any CPU
	EndGlobalSection
	GlobalSection(SolutionProperties) = preSolution
		HideSolutionNode = FALSE
	EndGlobalSection
	GlobalSection(ExtensibilityGlobals) = postSolution
		SolutionGuid = {0BA2D716-EF64-4552-92E4-4B954C730FFC}
	EndGlobalSection
EndGlobal
